
Microsoft Visual Studio Solution File, Format Version 9.00
# Visual Studio 2005
Project("{8BC9CEB8-8B4A-11D0-8D11-00A0C91BC942}") = "kalaunch", "kalaunch.vcproj", "{6E511081-6C06-426C-A9D2-7C45D046137E}"
EndProject
Project("{8BC9CEB8-8B4A-11D0-8D11-00A0C91BC942}") = "base", "wxWidgets-2.8.6\build\msw\wx_base.vcproj", "{1F2CEF9B-2542-4022-8596-74FBFD1C6D6A}"
EndProject
Project("{8BC9CEB8-8B4A-11D0-8D11-00A0C91BC942}") = "core", "wxWidgets-2.8.6\build\msw\wx_core.vcproj", "{2E56988A-E68C-4E62-9A40-96F701F39BB2}"
EndProject
Global
	GlobalSection(SolutionConfigurationPlatforms) = preSolution
		Debug|Win32 = Debug|Win32
		DLL Debug|Win32 = DLL Debug|Win32
		DLL Release|Win32 = DLL Release|Win32
		DLL Unicode Debug|Win32 = DLL Unicode Debug|Win32
		DLL Unicode Release|Win32 = DLL Unicode Release|Win32
		DLL Universal Debug|Win32 = DLL Universal Debug|Win32
		DLL Universal Release|Win32 = DLL Universal Release|Win32
		DLL Universal Unicode Debug|Win32 = DLL Universal Unicode Debug|Win32
		DLL Universal Unicode Release|Win32 = DLL Universal Unicode Release|Win32
		Release|Win32 = Release|Win32
		Unicode Debug|Win32 = Unicode Debug|Win32
		Unicode Release|Win32 = Unicode Release|Win32
		Universal Debug|Win32 = Universal Debug|Win32
		Universal Release|Win32 = Universal Release|Win32
		Universal Unicode Debug|Win32 = Universal Unicode Debug|Win32
		Universal Unicode Release|Win32 = Universal Unicode Release|Win32
	EndGlobalSection
	GlobalSection(ProjectConfigurationPlatforms) = postSolution
		{6E511081-6C06-426C-A9D2-7C45D046137E}.Debug|Win32.ActiveCfg = Debug|Win32
		{6E511081-6C06-426C-A9D2-7C45D046137E}.Debug|Win32.Build.0 = Debug|Win32
		{6E511081-6C06-426C-A9D2-7C45D046137E}.DLL Debug|Win32.ActiveCfg = DLL Debug|Win32
		{6E511081-6C06-426C-A9D2-7C45D046137E}.DLL Debug|Win32.Build.0 = DLL Debug|Win32
		{6E511081-6C06-426C-A9D2-7C45D046137E}.DLL Release|Win32.ActiveCfg = DLL Release|Win32
		{6E511081-6C06-426C-A9D2-7C45D046137E}.DLL Release|Win32.Build.0 = DLL Release|Win32
		{6E511081-6C06-426C-A9D2-7C45D046137E}.DLL Unicode Debug|Win32.ActiveCfg = DLL Unicode Debug|Win32
		{6E511081-6C06-426C-A9D2-7C45D046137E}.DLL Unicode Debug|Win32.Build.0 = DLL Unicode Debug|Win32
		{6E511081-6C06-426C-A9D2-7C45D046137E}.DLL Unicode Release|Win32.ActiveCfg = DLL Unicode Release|Win32
		{6E511081-6C06-426C-A9D2-7C45D046137E}.DLL Unicode Release|Win32.Build.0 = DLL Unicode Release|Win32
		{6E511081-6C06-426C-A9D2-7C45D046137E}.DLL Universal Debug|Win32.ActiveCfg = DLL Universal Debug|Win32
		{6E511081-6C06-426C-A9D2-7C45D046137E}.DLL Universal Debug|Win32.Build.0 = DLL Universal Debug|Win32
		{6E511081-6C06-426C-A9D2-7C45D046137E}.DLL Universal Release|Win32.ActiveCfg = DLL Universal Release|Win32
		{6E511081-6C06-426C-A9D2-7C45D046137E}.DLL Universal Release|Win32.Build.0 = DLL Universal Release|Win32
		{6E511081-6C06-426C-A9D2-7C45D046137E}.DLL Universal Unicode Debug|Win32.ActiveCfg = DLL Universal Unicode Debug|Win32
		{6E511081-6C06-426C-A9D2-7C45D046137E}.DLL Universal Unicode Debug|Win32.Build.0 = DLL Universal Unicode Debug|Win32
		{6E511081-6C06-426C-A9D2-7C45D046137E}.DLL Universal Unicode Release|Win32.ActiveCfg = DLL Universal Unicode Release|Win32
		{6E511081-6C06-426C-A9D2-7C45D046137E}.DLL Universal Unicode Release|Win32.Build.0 = DLL Universal Unicode Release|Win32
		{6E511081-6C06-426C-A9D2-7C45D046137E}.Release|Win32.ActiveCfg = Release|Win32
		{6E511081-6C06-426C-A9D2-7C45D046137E}.Release|Win32.Build.0 = Release|Win32
		{6E511081-6C06-426C-A9D2-7C45D046137E}.Unicode Debug|Win32.ActiveCfg = Unicode Debug|Win32
		{6E511081-6C06-426C-A9D2-7C45D046137E}.Unicode Debug|Win32.Build.0 = Unicode Debug|Win32
		{6E511081-6C06-426C-A9D2-7C45D046137E}.Unicode Release|Win32.ActiveCfg = Unicode Release|Win32
		{6E511081-6C06-426C-A9D2-7C45D046137E}.Unicode Release|Win32.Build.0 = Unicode Release|Win32
		{6E511081-6C06-426C-A9D2-7C45D046137E}.Universal Debug|Win32.ActiveCfg = Universal Debug|Win32
		{6E511081-6C06-426C-A9D2-7C45D046137E}.Universal Debug|Win32.Build.0 = Universal Debug|Win32
		{6E511081-6C06-426C-A9D2-7C45D046137E}.Universal Release|Win32.ActiveCfg = Universal Release|Win32
		{6E511081-6C06-426C-A9D2-7C45D046137E}.Universal Release|Win32.Build.0 = Universal Release|Win32
		{6E511081-6C06-426C-A9D2-7C45D046137E}.Universal Unicode Debug|Win32.ActiveCfg = Universal Unicode Debug|Win32
		{6E511081-6C06-426C-A9D2-7C45D046137E}.Universal Unicode Debug|Win32.Build.0 = Universal Unicode Debug|Win32
		{6E511081-6C06-426C-A9D2-7C45D046137E}.Universal Unicode Release|Win32.ActiveCfg = Universal Unicode Release|Win32
		{6E511081-6C06-426C-A9D2-7C45D046137E}.Universal Unicode Release|Win32.Build.0 = Universal Unicode Release|Win32
		{1F2CEF9B-2542-4022-8596-74FBFD1C6D6A}.Debug|Win32.ActiveCfg = Debug|Win32
		{1F2CEF9B-2542-4022-8596-74FBFD1C6D6A}.Debug|Win32.Build.0 = Debug|Win32
		{1F2CEF9B-2542-4022-8596-74FBFD1C6D6A}.DLL Debug|Win32.ActiveCfg = DLL Debug|Win32
		{1F2CEF9B-2542-4022-8596-74FBFD1C6D6A}.DLL Debug|Win32.Build.0 = DLL Debug|Win32
		{1F2CEF9B-2542-4022-8596-74FBFD1C6D6A}.DLL Release|Win32.ActiveCfg = DLL Release|Win32
		{1F2CEF9B-2542-4022-8596-74FBFD1C6D6A}.DLL Release|Win32.Build.0 = DLL Release|Win32
		{1F2CEF9B-2542-4022-8596-74FBFD1C6D6A}.DLL Unicode Debug|Win32.ActiveCfg = DLL Unicode Debug|Win32
		{1F2CEF9B-2542-4022-8596-74FBFD1C6D6A}.DLL Unicode Debug|Win32.Build.0 = DLL Unicode Debug|Win32
		{1F2CEF9B-2542-4022-8596-74FBFD1C6D6A}.DLL Unicode Release|Win32.ActiveCfg = DLL Unicode Release|Win32
		{1F2CEF9B-2542-4022-8596-74FBFD1C6D6A}.DLL Unicode Release|Win32.Build.0 = DLL Unicode Release|Win32
		{1F2CEF9B-2542-4022-8596-74FBFD1C6D6A}.DLL Universal Debug|Win32.ActiveCfg = DLL Universal Debug|Win32
		{1F2CEF9B-2542-4022-8596-74FBFD1C6D6A}.DLL Universal Debug|Win32.Build.0 = DLL Universal Debug|Win32
		{1F2CEF9B-2542-4022-8596-74FBFD1C6D6A}.DLL Universal Release|Win32.ActiveCfg = DLL Universal Release|Win32
		{1F2CEF9B-2542-4022-8596-74FBFD1C6D6A}.DLL Universal Release|Win32.Build.0 = DLL Universal Release|Win32
		{1F2CEF9B-2542-4022-8596-74FBFD1C6D6A}.DLL Universal Unicode Debug|Win32.ActiveCfg = DLL Universal Unicode Debug|Win32
		{1F2CEF9B-2542-4022-8596-74FBFD1C6D6A}.DLL Universal Unicode Debug|Win32.Build.0 = DLL Universal Unicode Debug|Win32
		{1F2CEF9B-2542-4022-8596-74FBFD1C6D6A}.DLL Universal Unicode Release|Win32.ActiveCfg = DLL Universal Unicode Release|Win32
		{1F2CEF9B-2542-4022-8596-74FBFD1C6D6A}.DLL Universal Unicode Release|Win32.Build.0 = DLL Universal Unicode Release|Win32
		{1F2CEF9B-2542-4022-8596-74FBFD1C6D6A}.Release|Win32.ActiveCfg = Release|Win32
		{1F2CEF9B-2542-4022-8596-74FBFD1C6D6A}.Release|Win32.Build.0 = Release|Win32
		{1F2CEF9B-2542-4022-8596-74FBFD1C6D6A}.Unicode Debug|Win32.ActiveCfg = Unicode Debug|Win32
		{1F2CEF9B-2542-4022-8596-74FBFD1C6D6A}.Unicode Debug|Win32.Build.0 = Unicode Debug|Win32
		{1F2CEF9B-2542-4022-8596-74FBFD1C6D6A}.Unicode Release|Win32.ActiveCfg = Unicode Release|Win32
		{1F2CEF9B-2542-4022-8596-74FBFD1C6D6A}.Unicode Release|Win32.Build.0 = Unicode Release|Win32
		{1F2CEF9B-2542-4022-8596-74FBFD1C6D6A}.Universal Debug|Win32.ActiveCfg = Universal Debug|Win32
		{1F2CEF9B-2542-4022-8596-74FBFD1C6D6A}.Universal Debug|Win32.Build.0 = Universal Debug|Win32
		{1F2CEF9B-2542-4022-8596-74FBFD1C6D6A}.Universal Release|Win32.ActiveCfg = Universal Release|Win32
		{1F2CEF9B-2542-4022-8596-74FBFD1C6D6A}.Universal Release|Win32.Build.0 = Universal Release|Win32
		{1F2CEF9B-2542-4022-8596-74FBFD1C6D6A}.Universal Unicode Debug|Win32.ActiveCfg = Universal Unicode Debug|Win32
		{1F2CEF9B-2542-4022-8596-74FBFD1C6D6A}.Universal Unicode Debug|Win32.Build.0 = Universal Unicode Debug|Win32
		{1F2CEF9B-2542-4022-8596-74FBFD1C6D6A}.Universal Unicode Release|Win32.ActiveCfg = Universal Unicode Release|Win32
		{1F2CEF9B-2542-4022-8596-74FBFD1C6D6A}.Universal Unicode Release|Win32.Build.0 = Universal Unicode Release|Win32
		{2E56988A-E68C-4E62-9A40-96F701F39BB2}.Debug|Win32.ActiveCfg = Debug|Win32
		{2E56988A-E68C-4E62-9A40-96F701F39BB2}.Debug|Win32.Build.0 = Debug|Win32
		{2E56988A-E68C-4E62-9A40-96F701F39BB2}.DLL Debug|Win32.ActiveCfg = DLL Debug|Win32
		{2E56988A-E68C-4E62-9A40-96F701F39BB2}.DLL Debug|Win32.Build.0 = DLL Debug|Win32
		{2E56988A-E68C-4E62-9A40-96F701F39BB2}.DLL Release|Win32.ActiveCfg = DLL Release|Win32
		{2E56988A-E68C-4E62-9A40-96F701F39BB2}.DLL Release|Win32.Build.0 = DLL Release|Win32
		{2E56988A-E68C-4E62-9A40-96F701F39BB2}.DLL Unicode Debug|Win32.ActiveCfg = DLL Unicode Debug|Win32
		{2E56988A-E68C-4E62-9A40-96F701F39BB2}.DLL Unicode Debug|Win32.Build.0 = DLL Unicode Debug|Win32
		{2E56988A-E68C-4E62-9A40-96F701F39BB2}.DLL Unicode Release|Win32.ActiveCfg = DLL Unicode Release|Win32
		{2E56988A-E68C-4E62-9A40-96F701F39BB2}.DLL Unicode Release|Win32.Build.0 = DLL Unicode Release|Win32
		{2E56988A-E68C-4E62-9A40-96F701F39BB2}.DLL Universal Debug|Win32.ActiveCfg = DLL Universal Debug|Win32
		{2E56988A-E68C-4E62-9A40-96F701F39BB2}.DLL Universal Debug|Win32.Build.0 = DLL Universal Debug|Win32
		{2E56988A-E68C-4E62-9A40-96F701F39BB2}.DLL Universal Release|Win32.ActiveCfg = DLL Universal Release|Win32
		{2E56988A-E68C-4E62-9A40-96F701F39BB2}.DLL Universal Release|Win32.Build.0 = DLL Universal Release|Win32
		{2E56988A-E68C-4E62-9A40-96F701F39BB2}.DLL Universal Unicode Debug|Win32.ActiveCfg = DLL Universal Unicode Debug|Win32
		{2E56988A-E68C-4E62-9A40-96F701F39BB2}.DLL Universal Unicode Debug|Win32.Build.0 = DLL Universal Unicode Debug|Win32
		{2E56988A-E68C-4E62-9A40-96F701F39BB2}.DLL Universal Unicode Release|Win32.ActiveCfg = DLL Universal Unicode Release|Win32
		{2E56988A-E68C-4E62-9A40-96F701F39BB2}.DLL Universal Unicode Release|Win32.Build.0 = DLL Universal Unicode Release|Win32
		{2E56988A-E68C-4E62-9A40-96F701F39BB2}.Release|Win32.ActiveCfg = Release|Win32
		{2E56988A-E68C-4E62-9A40-96F701F39BB2}.Release|Win32.Build.0 = Release|Win32
		{2E56988A-E68C-4E62-9A40-96F701F39BB2}.Unicode Debug|Win32.ActiveCfg = Unicode Debug|Win32
		{2E56988A-E68C-4E62-9A40-96F701F39BB2}.Unicode Debug|Win32.Build.0 = Unicode Debug|Win32
		{2E56988A-E68C-4E62-9A40-96F701F39BB2}.Unicode Release|Win32.ActiveCfg = Unicode Release|Win32
		{2E56988A-E68C-4E62-9A40-96F701F39BB2}.Unicode Release|Win32.Build.0 = Unicode Release|Win32
		{2E56988A-E68C-4E62-9A40-96F701F39BB2}.Universal Debug|Win32.ActiveCfg = Universal Debug|Win32
		{2E56988A-E68C-4E62-9A40-96F701F39BB2}.Universal Debug|Win32.Build.0 = Universal Debug|Win32
		{2E56988A-E68C-4E62-9A40-96F701F39BB2}.Universal Release|Win32.ActiveCfg = Universal Release|Win32
		{2E56988A-E68C-4E62-9A40-96F701F39BB2}.Universal Release|Win32.Build.0 = Universal Release|Win32
		{2E56988A-E68C-4E62-9A40-96F701F39BB2}.Universal Unicode Debug|Win32.ActiveCfg = Universal Unicode Debug|Win32
		{2E56988A-E68C-4E62-9A40-96F701F39BB2}.Universal Unicode Debug|Win32.Build.0 = Universal Unicode Debug|Win32
		{2E56988A-E68C-4E62-9A40-96F701F39BB2}.Universal Unicode Release|Win32.ActiveCfg = Universal Unicode Release|Win32
		{2E56988A-E68C-4E62-9A40-96F701F39BB2}.Universal Unicode Release|Win32.Build.0 = Universal Unicode Release|Win32
	EndGlobalSection
	GlobalSection(SolutionProperties) = preSolution
		HideSolutionNode = FALSE
	EndGlobalSection
EndGlobal
